
Microsoft Visual Studio Solution File, Format Version 12.00
# Visual Studio Version 16
VisualStudioVersion = 25.0.1706.0
MinimumVisualStudioVersion = 10.0.40219.1
Project("{FAE04EC0-301F-11D3-BF4B-00C04F79EFBC}") = "CheckoutSKUs", "CheckoutSKUs\CheckoutSKUs.csproj", "{AFC623C9-DFCB-4A4E-857B-611002EC605F}"
EndProject
Project("{FAE04EC0-301F-11D3-BF4B-00C04F79EFBC}") = "CheckoutSKUs_Test", "CheckoutSKUs_Test\CheckoutSKUs_Test.csproj", "{C5759C25-EA98-4E78-870E-5C851380D52D}"
EndProject
Global
	GlobalSection(SolutionConfigurationPlatforms) = preSolution
		Debug|Any CPU = Debug|Any CPU
		Release|Any CPU = Release|Any CPU
	EndGlobalSection
	GlobalSection(ProjectConfigurationPlatforms) = postSolution
		{AFC623C9-DFCB-4A4E-857B-611002EC605F}.Debug|Any CPU.ActiveCfg = Debug|Any CPU
		{AFC623C9-DFCB-4A4E-857B-611002EC605F}.Debug|Any CPU.Build.0 = Debug|Any CPU
		{AFC623C9-DFCB-4A4E-857B-611002EC605F}.Release|Any CPU.ActiveCfg = Release|Any CPU
		{AFC623C9-DFCB-4A4E-857B-611002EC605F}.Release|Any CPU.Build.0 = Release|Any CPU
		{C5759C25-EA98-4E78-870E-5C851380D52D}.Debug|Any CPU.ActiveCfg = Debug|Any CPU
		{C5759C25-EA98-4E78-870E-5C851380D52D}.Debug|Any CPU.Build.0 = Debug|Any CPU
		{C5759C25-EA98-4E78-870E-5C851380D52D}.Release|Any CPU.ActiveCfg = Release|Any CPU
		{C5759C25-EA98-4E78-870E-5C851380D52D}.Release|Any CPU.Build.0 = Release|Any CPU
	EndGlobalSection
	GlobalSection(SolutionProperties) = preSolution
		HideSolutionNode = FALSE
	EndGlobalSection
	GlobalSection(ExtensibilityGlobals) = postSolution
		SolutionGuid = {380AC7CB-0D0C-4615-A12F-D568FE4700A3}
	EndGlobalSection
EndGlobal
